{
  "name": "shooterGame",
  "version": "1.0.0",
  "lockfileVersion": 1,
  "requires": true,
  "dependencies": {
    "@babel/code-frame": {
      "version": "7.12.13",
      "resolved": "https://registry.npmjs.org/@babel/code-frame/-/code-frame-7.12.13.tgz",
      "integrity": "sha512-HV1Cm0Q3ZrpCR93tkWOYiuYIgLxZXZFVG2VgK+MBWjUqZTundupbfx2aXarXuw5Ko5aMcjtJgbSs4vUGBS5v6g==",
      "dev": true,
      "requires": {
        "@babel/highlight": "^7.12.13"
      }
    },
    "@babel/compat-data": {
      "version": "7.13.12",
      "resolved": "https://registry.npmjs.org/@babel/compat-data/-/compat-data-7.13.12.tgz",
      "integrity": "sha512-3eJJ841uKxeV8dcN/2yGEUy+RfgQspPEgQat85umsE1rotuquQ2AbIub4S6j7c50a2d+4myc+zSlnXeIHrOnhQ==",
      "dev": true
    },
    "@babel/generator": {
      "version": "7.13.9",
      "resolved": "https://registry.npmjs.org/@babel/generator/-/generator-7.13.9.tgz",
      "integrity": "sha512-mHOOmY0Axl/JCTkxTU6Lf5sWOg/v8nUa+Xkt4zMTftX0wqmb6Sh7J8gvcehBw7q0AhrhAR+FDacKjCZ2X8K+Sw==",
      "dev": true,
      "requires": {
        "@babel/types": "^7.13.0",
        "jsesc": "^2.5.1",
        "source-map": "^0.5.0"
      },
      "dependencies": {
        "source-map": {
          "version": "0.5.7",
          "resolved": "https://registry.npmjs.org/source-map/-/source-map-0.5.7.tgz",
          "integrity": "sha1-igOdLRAh0i0eoUyA2OpGi6LvP8w=",
          "dev": true
        }
      }
    },
    "@babel/helper-compilation-targets": {
      "version": "7.13.13",
      "resolved": "https://registry.npmjs.org/@babel/helper-compilation-targets/-/helper-compilation-targets-7.13.13.tgz",
      "integrity": "sha512-q1kcdHNZehBwD9jYPh3WyXcsFERi39X4I59I3NadciWtNDyZ6x+GboOxncFK0kXlKIv6BJm5acncehXWUjWQMQ==",
      "dev": true,
      "requires": {
        "@babel/compat-data": "^7.13.12",
        "@babel/helper-validator-option": "^7.12.17",
        "browserslist": "^4.14.5",
        "semver": "^6.3.0"
      },
      "dependencies": {
        "semver": {
          "version": "6.3.0",
          "resolved": "https://registry.npmjs.org/semver/-/semver-6.3.0.tgz",
          "integrity": "sha512-b39TBaTSfV6yBrapU89p5fKekE2m/NwnDocOVruQFS1/veMgdzuPcnOM34M6CwxW8jH/lxEa5rBoDeUwu5HHTw==",
          "dev": true
        }
      }
    },
    "@babel/helper-define-polyfill-provider": {
      "version": "0.1.5",
      "resolved": "https://registry.npmjs.org/@babel/helper-define-polyfill-provider/-/helper-define-polyfill-provider-0.1.5.tgz",
      "integrity": "sha512-nXuzCSwlJ/WKr8qxzW816gwyT6VZgiJG17zR40fou70yfAcqjoNyTLl/DQ+FExw5Hx5KNqshmN8Ldl/r2N7cTg==",
      "dev": true,
      "requires": {
        "@babel/helper-compilation-targets": "^7.13.0",
        "@babel/helper-module-imports": "^7.12.13",
        "@babel/helper-plugin-utils": "^7.13.0",
        "@babel/traverse": "^7.13.0",
        "debug": "^4.1.1",
        "lodash.debounce": "^4.0.8",
        "resolve": "^1.14.2",
        "semver": "^6.1.2"
      },
      "dependencies": {
        "semver": {
          "version": "6.3.0",
          "resolved": "https://registry.npmjs.org/semver/-/semver-6.3.0.tgz",
          "integrity": "sha512-b39TBaTSfV6yBrapU89p5fKekE2m/NwnDocOVruQFS1/veMgdzuPcnOM34M6CwxW8jH/lxEa5rBoDeUwu5HHTw==",
          "dev": true
        }
      }
    },
    "@babel/helper-function-name": {
      "version": "7.12.13",
      "resolved": "https://registry.npmjs.org/@babel/helper-function-name/-/helper-function-name-7.12.13.tgz",
      "integrity": "sha512-TZvmPn0UOqmvi5G4vvw0qZTpVptGkB1GL61R6lKvrSdIxGm5Pky7Q3fpKiIkQCAtRCBUwB0PaThlx9vebCDSwA==",
      "dev": true,
      "requires": {
        "@babel/helper-get-function-arity": "^7.12.13",
        "@babel/template": "^7.12.13",
        "@babel/types": "^7.12.13"
      }
    },
    "@babel/helper-get-function-arity": {
      "version": "7.12.13",
      "resolved": "https://registry.npmjs.org/@babel/helper-get-function-arity/-/helper-get-function-arity-7.12.13.tgz",
      "integrity": "sha512-DjEVzQNz5LICkzN0REdpD5prGoidvbdYk1BVgRUOINaWJP2t6avB27X1guXK1kXNrX0WMfsrm1A/ZBthYuIMQg==",
      "dev": true,
      "requires": {
        "@babel/types": "^7.12.13"
      }
    },
    "@babel/helper-module-imports": {
      "version": "7.13.12",
      "resolved": "https://registry.npmjs.org/@babel/helper-module-imports/-/helper-module-imports-7.13.12.tgz",
      "integrity": "sha512-4cVvR2/1B693IuOvSI20xqqa/+bl7lqAMR59R4iu39R9aOX8/JoYY1sFaNvUMyMBGnHdwvJgUrzNLoUZxXypxA==",
      "dev": true,
      "requires": {
        "@babel/types": "^7.13.12"
      }
    },
    "@babel/helper-plugin-utils": {
      "version": "7.13.0",
      "resolved": "https://registry.npmjs.org/@babel/helper-plugin-utils/-/helper-plugin-utils-7.13.0.tgz",
      "integrity": "sha512-ZPafIPSwzUlAoWT8DKs1W2VyF2gOWthGd5NGFMsBcMMol+ZhK+EQY/e6V96poa6PA/Bh+C9plWN0hXO1uB8AfQ==",
      "dev": true
    },
    "@babel/helper-split-export-declaration": {
      "version": "7.12.13",
      "resolved": "https://registry.npmjs.org/@babel/helper-split-export-declaration/-/helper-split-export-declaration-7.12.13.tgz",
      "integrity": "sha512-tCJDltF83htUtXx5NLcaDqRmknv652ZWCHyoTETf1CXYJdPC7nohZohjUgieXhv0hTJdRf2FjDueFehdNucpzg==",
      "dev": true,
      "requires": {
        "@babel/types": "^7.12.13"
      }
    },
    "@babel/helper-validator-identifier": {
      "version": "7.12.11",
      "resolved": "https://registry.npmjs.org/@babel/helper-validator-identifier/-/helper-validator-identifier-7.12.11.tgz",
      "integrity": "sha512-np/lG3uARFybkoHokJUmf1QfEvRVCPbmQeUQpKow5cQ3xWrV9i3rUHodKDJPQfTVX61qKi+UdYk8kik84n7XOw==",
      "dev": true
    },
    "@babel/helper-validator-option": {
      "version": "7.12.17",
      "resolved": "https://registry.npmjs.org/@babel/helper-validator-option/-/helper-validator-option-7.12.17.tgz",
      "integrity": "sha512-TopkMDmLzq8ngChwRlyjR6raKD6gMSae4JdYDB8bByKreQgG0RBTuKe9LRxW3wFtUnjxOPRKBDwEH6Mg5KeDfw==",
      "dev": true
    },
    "@babel/highlight": {
      "version": "7.13.10",
      "resolved": "https://registry.npmjs.org/@babel/highlight/-/highlight-7.13.10.tgz",
      "integrity": "sha512-5aPpe5XQPzflQrFwL1/QoeHkP2MsA4JCntcXHRhEsdsfPVkvPi2w7Qix4iV7t5S/oC9OodGrggd8aco1g3SZFg==",
      "dev": true,
      "requires": {
        "@babel/helper-validator-identifier": "^7.12.11",
        "chalk": "^2.0.0",
        "js-tokens": "^4.0.0"
      }
    },
    "@babel/parser": {
      "version": "7.13.13",
      "resolved": "https://registry.npmjs.org/@babel/parser/-/parser-7.13.13.tgz",
      "integrity": "sha512-OhsyMrqygfk5v8HmWwOzlYjJrtLaFhF34MrfG/Z73DgYCI6ojNUTUp2TYbtnjo8PegeJp12eamsNettCQjKjVw==",
      "dev": true
    },
    "@babel/plugin-transform-runtime": {
      "version": "7.13.10",
      "resolved": "https://registry.npmjs.org/@babel/plugin-transform-runtime/-/plugin-transform-runtime-7.13.10.tgz",
      "integrity": "sha512-Y5k8ipgfvz5d/76tx7JYbKQTcgFSU6VgJ3kKQv4zGTKr+a9T/KBvfRvGtSFgKDQGt/DBykQixV0vNWKIdzWErA==",
      "dev": true,
      "requires": {
        "@babel/helper-module-imports": "^7.12.13",
        "@babel/helper-plugin-utils": "^7.13.0",
        "babel-plugin-polyfill-corejs2": "^0.1.4",
        "babel-plugin-polyfill-corejs3": "^0.1.3",
        "babel-plugin-polyfill-regenerator": "^0.1.2",
        "semver": "^6.3.0"
      },
      "dependencies": {
        "semver": {
          "version": "6.3.0",
          "resolved": "https://registry.npmjs.org/semver/-/semver-6.3.0.tgz",
          "integrity": "sha512-b39TBaTSfV6yBrapU89p5fKekE2m/NwnDocOVruQFS1/veMgdzuPcnOM34M6CwxW8jH/lxEa5rBoDeUwu5HHTw==",
          "dev": true
        }
      }
    },
    "@babel/runtime": {
      "version": "7.13.10",
      "resolved": "https://registry.npmjs.org/@babel/runtime/-/runtime-7.13.10.tgz",
      "integrity": "sha512-4QPkjJq6Ns3V/RgpEahRk+AGfL0eO6RHHtTWoNNr5mO49G6B5+X6d6THgWEAvTrznU5xYpbAlVKRYcsCgh/Akw==",
      "requires": {
        "regenerator-runtime": "^0.13.4"
      }
    },
    "@babel/template": {
      "version": "7.12.13",
      "resolved": "https://registry.npmjs.org/@babel/template/-/template-7.12.13.tgz",
      "integrity": "sha512-/7xxiGA57xMo/P2GVvdEumr8ONhFOhfgq2ihK3h1e6THqzTAkHbkXgB0xI9yeTfIUoH3+oAeHhqm/I43OTbbjA==",
      "dev": true,
      "requires": {
        "@babel/code-frame": "^7.12.13",
        "@babel/parser": "^7.12.13",
        "@babel/types": "^7.12.13"
      }
    },
    "@babel/traverse": {
      "version": "7.13.13",
      "resolved": "https://registry.npmjs.org/@babel/traverse/-/traverse-7.13.13.tgz",
      "integrity": "sha512-CblEcwmXKR6eP43oQGG++0QMTtCjAsa3frUuzHoiIJWpaIIi8dwMyEFUJoXRLxagGqCK+jALRwIO+o3R9p/uUg==",
      "dev": true,
      "requires": {
        "@babel/code-frame": "^7.12.13",
        "@babel/generator": "^7.13.9",
        "@babel/helper-function-name": "^7.12.13",
        "@babel/helper-split-export-declaration": "^7.12.13",
        "@babel/parser": "^7.13.13",
        "@babel/types": "^7.13.13",
        "debug": "^4.1.0",
        "globals": "^11.1.0"
      }
    },
    "@babel/types": {
      "version": "7.13.13",
      "resolved": "https://registry.npmjs.org/@babel/types/-/types-7.13.13.tgz",
      "integrity": "sha512-kt+EpC6qDfIaqlP+DIbIJOclYy/A1YXs9dAf/ljbi+39Bcbc073H6jKVpXEr/EoIh5anGn5xq/yRVzKl+uIc9w==",
      "dev": true,
      "requires": {
        "@babel/helper-validator-identifier": "^7.12.11",
        "lodash": "^4.17.19",
        "to-fast-properties": "^2.0.0"
      }
    },
    "@types/json-schema": {
      "version": "7.0.6",
      "resolved": "https://registry.npmjs.org/@types/json-schema/-/json-schema-7.0.6.tgz",
      "integrity": "sha512-3c+yGKvVP5Y9TYBEibGNR+kLtijnj7mYrXRg+WpFb2X9xm04g/DXYkfg4hmzJQosc9snFNUPkbYIhu+KAm6jJw=="
    },
    "ajv": {
      "version": "6.12.6",
      "resolved": "https://registry.npmjs.org/ajv/-/ajv-6.12.6.tgz",
      "integrity": "sha512-j3fVLgvTo527anyYyJOGTYJbG+vnnQYvE0m5mmkc1TK+nxAppkCLMIL0aZ4dblVCNoGShhm+kzE4ZUykBoMg4g==",
      "requires": {
        "fast-deep-equal": "^3.1.1",
        "fast-json-stable-stringify": "^2.0.0",
        "json-schema-traverse": "^0.4.1",
        "uri-js": "^4.2.2"
      }
    },
    "ajv-keywords": {
      "version": "3.5.2",
      "resolved": "https://registry.npmjs.org/ajv-keywords/-/ajv-keywords-3.5.2.tgz",
      "integrity": "sha512-5p6WTN0DdTGVQk6VjcEju19IgaHudalcfabD7yhDGeA6bcQnmL+CpveLJq/3hvfwd1aof6L386Ougkx6RfyMIQ=="
    },
    "ansi-styles": {
      "version": "3.2.1",
      "resolved": "https://registry.npmjs.org/ansi-styles/-/ansi-styles-3.2.1.tgz",
      "integrity": "sha512-VT0ZI6kZRdTh8YyJw3SMbYm/u+NqfsAxEpWO0Pf9sq8/e94WxxOpPKx9FR1FlyCtOVDNOQ+8ntlqFxiRc+r5qA==",
      "dev": true,
      "requires": {
        "color-convert": "^1.9.0"
      }
    },
    "babel-plugin-polyfill-corejs2": {
      "version": "0.1.10",
      "resolved": "https://registry.npmjs.org/babel-plugin-polyfill-corejs2/-/babel-plugin-polyfill-corejs2-0.1.10.tgz",
      "integrity": "sha512-DO95wD4g0A8KRaHKi0D51NdGXzvpqVLnLu5BTvDlpqUEpTmeEtypgC1xqesORaWmiUOQI14UHKlzNd9iZ2G3ZA==",
      "dev": true,
      "requires": {
        "@babel/compat-data": "^7.13.0",
        "@babel/helper-define-polyfill-provider": "^0.1.5",
        "semver": "^6.1.1"
      },
      "dependencies": {
        "semver": {
          "version": "6.3.0",
          "resolved": "https://registry.npmjs.org/semver/-/semver-6.3.0.tgz",
          "integrity": "sha512-b39TBaTSfV6yBrapU89p5fKekE2m/NwnDocOVruQFS1/veMgdzuPcnOM34M6CwxW8jH/lxEa5rBoDeUwu5HHTw==",
          "dev": true
        }
      }
    },
    "babel-plugin-polyfill-corejs3": {
      "version": "0.1.7",
      "resolved": "https://registry.npmjs.org/babel-plugin-polyfill-corejs3/-/babel-plugin-polyfill-corejs3-0.1.7.tgz",
      "integrity": "sha512-u+gbS9bbPhZWEeyy1oR/YaaSpod/KDT07arZHb80aTpl8H5ZBq+uN1nN9/xtX7jQyfLdPfoqI4Rue/MQSWJquw==",
      "dev": true,
      "requires": {
        "@babel/helper-define-polyfill-provider": "^0.1.5",
        "core-js-compat": "^3.8.1"
      }
    },
    "babel-plugin-polyfill-regenerator": {
      "version": "0.1.6",
      "resolved": "https://registry.npmjs.org/babel-plugin-polyfill-regenerator/-/babel-plugin-polyfill-regenerator-0.1.6.tgz",
      "integrity": "sha512-OUrYG9iKPKz8NxswXbRAdSwF0GhRdIEMTloQATJi4bDuFqrXaXcCUT/VGNrr8pBcjMh1RxZ7Xt9cytVJTJfvMg==",
      "dev": true,
      "requires": {
        "@babel/helper-define-polyfill-provider": "^0.1.5"
      }
    },
    "big.js": {
      "version": "5.2.2",
      "resolved": "https://registry.npmjs.org/big.js/-/big.js-5.2.2.tgz",
      "integrity": "sha512-vyL2OymJxmarO8gxMr0mhChsO9QGwhynfuu4+MHTAW6czfq9humCB7rKpUjDd9YUiDPU4mzpyupFSvOClAwbmQ=="
    },
    "browserslist": {
      "version": "4.16.3",
      "resolved": "https://registry.npmjs.org/browserslist/-/browserslist-4.16.3.tgz",
      "integrity": "sha512-vIyhWmIkULaq04Gt93txdh+j02yX/JzlyhLYbV3YQCn/zvES3JnY7TifHHvvr1w5hTDluNKMkV05cs4vy8Q7sw==",
      "dev": true,
      "requires": {
        "caniuse-lite": "^1.0.30001181",
        "colorette": "^1.2.1",
        "electron-to-chromium": "^1.3.649",
        "escalade": "^3.1.1",
        "node-releases": "^1.1.70"
      }
    },
    "camelcase": {
      "version": "6.2.0",
      "resolved": "https://registry.npmjs.org/camelcase/-/camelcase-6.2.0.tgz",
      "integrity": "sha512-c7wVvbw3f37nuobQNtgsgG9POC9qMbNuMQmTCqZv23b6MIz0fcYpBiOlv9gEN/hdLdnZTDQhg6e9Dq5M1vKvfg==",
      "dev": true
    },
    "caniuse-lite": {
      "version": "1.0.30001204",
      "resolved": "https://registry.npmjs.org/caniuse-lite/-/caniuse-lite-1.0.30001204.tgz",
      "integrity": "sha512-JUdjWpcxfJ9IPamy2f5JaRDCaqJOxDzOSKtbdx4rH9VivMd1vIzoPumsJa9LoMIi4Fx2BV2KZOxWhNkBjaYivQ==",
      "dev": true
    },
    "chalk": {
      "version": "2.4.2",
      "resolved": "https://registry.npmjs.org/chalk/-/chalk-2.4.2.tgz",
      "integrity": "sha512-Mti+f9lpJNcwF4tWV8/OrTTtF1gZi+f8FqlyAdouralcFWFQWF2+NgCHShjkCb+IFBLq9buZwE1xckQU4peSuQ==",
      "dev": true,
      "requires": {
        "ansi-styles": "^3.2.1",
        "escape-string-regexp": "^1.0.5",
        "supports-color": "^5.3.0"
      }
    },
    "color-convert": {
      "version": "1.9.3",
      "resolved": "https://registry.npmjs.org/color-convert/-/color-convert-1.9.3.tgz",
      "integrity": "sha512-QfAUtd+vFdAtFQcC8CCyYt1fYWxSqAiK2cSD6zDB8N3cpsEBAvRxp9zOGg6G/SHHJYAT88/az/IuDGALsNVbGg==",
      "dev": true,
      "requires": {
        "color-name": "1.1.3"
      }
    },
    "color-name": {
      "version": "1.1.3",
      "resolved": "https://registry.npmjs.org/color-name/-/color-name-1.1.3.tgz",
      "integrity": "sha1-p9BVi9icQveV3UIyj3QIMcpTvCU=",
      "dev": true
    },
    "colorette": {
      "version": "1.2.2",
      "resolved": "https://registry.npmjs.org/colorette/-/colorette-1.2.2.tgz",
      "integrity": "sha512-MKGMzyfeuutC/ZJ1cba9NqcNpfeqMUcYmyF1ZFY6/Cn7CNSAKx6a+s48sqLqyAiZuaP2TcqMhoo+dlwFnVxT9w==",
      "dev": true
    },
    "core-js-compat": {
      "version": "3.9.1",
      "resolved": "https://registry.npmjs.org/core-js-compat/-/core-js-compat-3.9.1.tgz",
      "integrity": "sha512-jXAirMQxrkbiiLsCx9bQPJFA6llDadKMpYrBJQJ3/c4/vsPP/fAf29h24tviRlvwUL6AmY5CHLu2GvjuYviQqA==",
      "dev": true,
      "requires": {
        "browserslist": "^4.16.3",
        "semver": "7.0.0"
      },
      "dependencies": {
        "semver": {
          "version": "7.0.0",
          "resolved": "https://registry.npmjs.org/semver/-/semver-7.0.0.tgz",
          "integrity": "sha512-+GB6zVA9LWh6zovYQLALHwv5rb2PHGlJi3lfiqIHxR0uuwCgefcOJc59v9fv1w8GbStwxuuqqAjI9NMAOOgq1A==",
          "dev": true
        }
      }
    },
    "css-loader": {
      "version": "5.2.0",
      "resolved": "https://registry.npmjs.org/css-loader/-/css-loader-5.2.0.tgz",
      "integrity": "sha512-MfRo2MjEeLXMlUkeUwN71Vx5oc6EJnx5UQ4Yi9iUtYQvrPtwLUucYptz0hc6n++kdNcyF5olYBS4vPjJDAcLkw==",
      "dev": true,
      "requires": {
        "camelcase": "^6.2.0",
        "cssesc": "^3.0.0",
        "icss-utils": "^5.1.0",
        "loader-utils": "^2.0.0",
        "postcss": "^8.2.8",
        "postcss-modules-extract-imports": "^3.0.0",
        "postcss-modules-local-by-default": "^4.0.0",
        "postcss-modules-scope": "^3.0.0",
        "postcss-modules-values": "^4.0.0",
        "postcss-value-parser": "^4.1.0",
        "schema-utils": "^3.0.0",
        "semver": "^7.3.4"
      }
    },
    "cssesc": {
      "version": "3.0.0",
      "resolved": "https://registry.npmjs.org/cssesc/-/cssesc-3.0.0.tgz",
      "integrity": "sha512-/Tb/JcjK111nNScGob5MNtsntNM1aCNUDipB/TkwZFhyDrrE47SOx/18wF2bbjgc3ZzCSKW1T5nt5EbFoAz/Vg==",
      "dev": true
    },
    "debug": {
      "version": "4.3.1",
      "resolved": "https://registry.npmjs.org/debug/-/debug-4.3.1.tgz",
      "integrity": "sha512-doEwdvm4PCeK4K3RQN2ZC2BYUBaxwLARCqZmMjtF8a51J2Rb0xpVloFRnCODwqjpwnAoao4pelN8l3RJdv3gRQ==",
      "dev": true,
      "requires": {
        "ms": "2.1.2"
      }
    },
    "electron-to-chromium": {
      "version": "1.3.701",
      "resolved": "https://registry.npmjs.org/electron-to-chromium/-/electron-to-chromium-1.3.701.tgz",
      "integrity": "sha512-Zd9ofdIMYHYhG1gvnejQDvC/kqSeXQvtXF0yRURGxgwGqDZm9F9Fm3dYFnm5gyuA7xpXfBlzVLN1sz0FjxpKfw==",
      "dev": true
    },
    "emojis-list": {
      "version": "3.0.0",
      "resolved": "https://registry.npmjs.org/emojis-list/-/emojis-list-3.0.0.tgz",
      "integrity": "sha512-/kyM18EfinwXZbno9FyUGeFh87KC8HRQBQGildHZbEuRyWFOmv1U10o9BBp8XVZDVNNuQKyIGIu5ZYAAXJ0V2Q=="
    },
    "escalade": {
      "version": "3.1.1",
      "resolved": "https://registry.npmjs.org/escalade/-/escalade-3.1.1.tgz",
      "integrity": "sha512-k0er2gUkLf8O0zKJiAhmkTnJlTvINGv7ygDNPbeIsX/TJjGJZHuh9B2UxbsaEkmlEo9MfhrSzmhIlhRlI2GXnw==",
      "dev": true
    },
    "escape-string-regexp": {
      "version": "1.0.5",
      "resolved": "https://registry.npmjs.org/escape-string-regexp/-/escape-string-regexp-1.0.5.tgz",
      "integrity": "sha1-G2HAViGQqN/2rjuyzwIAyhMLhtQ=",
      "dev": true
    },
    "eventemitter3": {
      "version": "4.0.7",
      "resolved": "https://registry.npmjs.org/eventemitter3/-/eventemitter3-4.0.7.tgz",
      "integrity": "sha512-8guHBZCwKnFhYdHr2ysuRWErTwhoN2X8XELRlrRwpmfeY2jjuUN4taQMsULKUVo1K4DvZl+0pgfyoysHxvmvEw=="
    },
    "exports-loader": {
      "version": "1.1.1",
      "resolved": "https://registry.npmjs.org/exports-loader/-/exports-loader-1.1.1.tgz",
      "integrity": "sha512-CmyhIR2sJ3KOfVsHjsR0Yvo+0lhRhRMAevCbB8dhTVLHsZPs0lCQTvRmR9YNvBXDBxUuhmCE2f54KqEjZUaFrg==",
      "requires": {
        "loader-utils": "^2.0.0",
        "schema-utils": "^3.0.0",
        "source-map": "^0.6.1"
      }
    },
    "fast-deep-equal": {
      "version": "3.1.3",
      "resolved": "https://registry.npmjs.org/fast-deep-equal/-/fast-deep-equal-3.1.3.tgz",
      "integrity": "sha512-f3qQ9oQy9j2AhBe/H9VC91wLmKBCCU/gDOnKNAYG5hswO7BLKj09Hc5HYNz9cGI++xlpDCIgDaitVs03ATR84Q=="
    },
    "fast-json-stable-stringify": {
      "version": "2.1.0",
      "resolved": "https://registry.npmjs.org/fast-json-stable-stringify/-/fast-json-stable-stringify-2.1.0.tgz",
      "integrity": "sha512-lhd/wF+Lk98HZoTCtlVraHtfh5XYijIjalXck7saUtuanSDyLMxnHhSXEDJqHxD7msR8D0uCmqlkwjCV8xvwHw=="
    },
    "function-bind": {
      "version": "1.1.1",
      "resolved": "https://registry.npmjs.org/function-bind/-/function-bind-1.1.1.tgz",
      "integrity": "sha512-yIovAzMX49sF8Yl58fSCWJ5svSLuaibPxXQJFLmBObTuCr0Mf1KiPopGM9NiFjiYBCbfaa2Fh6breQ6ANVTI0A==",
      "dev": true
    },
    "globals": {
      "version": "11.12.0",
      "resolved": "https://registry.npmjs.org/globals/-/globals-11.12.0.tgz",
      "integrity": "sha512-WOBp/EEGUiIsJSp7wcv/y6MO+lV9UoncWqxuFfm8eBwzWNgyfBd6Gz+IeKQ9jCmyhoH99g15M3T+QaVHFjizVA==",
      "dev": true
    },
    "has": {
      "version": "1.0.3",
      "resolved": "https://registry.npmjs.org/has/-/has-1.0.3.tgz",
      "integrity": "sha512-f2dvO0VU6Oej7RkWJGrehjbzMAjFp5/VKPp5tTpWIV4JHHZK1/BxbFRtf/siA2SWTe09caDmVtYYzWEIbBS4zw==",
      "dev": true,
      "requires": {
        "function-bind": "^1.1.1"
      }
    },
    "has-flag": {
      "version": "3.0.0",
      "resolved": "https://registry.npmjs.org/has-flag/-/has-flag-3.0.0.tgz",
      "integrity": "sha1-tdRU3CGZriJWmfNGfloH87lVuv0=",
      "dev": true
    },
    "icss-utils": {
      "version": "5.1.0",
      "resolved": "https://registry.npmjs.org/icss-utils/-/icss-utils-5.1.0.tgz",
      "integrity": "sha512-soFhflCVWLfRNOPU3iv5Z9VUdT44xFRbzjLsEzSr5AQmgqPMTHdU3PMT1Cf1ssx8fLNJDA1juftYl+PUcv3MqA==",
      "dev": true
    },
    "imports-loader": {
      "version": "1.2.0",
      "resolved": "https://registry.npmjs.org/imports-loader/-/imports-loader-1.2.0.tgz",
      "integrity": "sha512-zPvangKEgrrPeqeUqH0Uhc59YqK07JqZBi9a9cQ3v/EKUIqrbJHY4CvUrDus2lgQa5AmPyXuGrWP8JJTqzE5RQ==",
      "requires": {
        "loader-utils": "^2.0.0",
        "schema-utils": "^3.0.0",
        "source-map": "^0.6.1",
        "strip-comments": "^2.0.1"
      }
    },
    "indexes-of": {
      "version": "1.0.1",
      "resolved": "https://registry.npmjs.org/indexes-of/-/indexes-of-1.0.1.tgz",
      "integrity": "sha1-8w9xbI4r00bHtn0985FVZqfAVgc=",
      "dev": true
    },
    "inherits": {
      "version": "2.0.3",
      "resolved": "https://registry.npmjs.org/inherits/-/inherits-2.0.3.tgz",
      "integrity": "sha1-Yzwsg+PaQqUC9SRmAiSA9CCCYd4="
    },
    "is-core-module": {
      "version": "2.2.0",
      "resolved": "https://registry.npmjs.org/is-core-module/-/is-core-module-2.2.0.tgz",
      "integrity": "sha512-XRAfAdyyY5F5cOXn7hYQDqh2Xmii+DEfIcQGxK/uNwMHhIkPWO0g8msXcbzLe+MpGoR951MlqM/2iIlU4vKDdQ==",
      "dev": true,
      "requires": {
        "has": "^1.0.3"
      }
    },
    "js-tokens": {
      "version": "4.0.0",
      "resolved": "https://registry.npmjs.org/js-tokens/-/js-tokens-4.0.0.tgz",
      "integrity": "sha512-RdJUflcE3cUzKiMqQgsCu06FPu9UdIJO0beYbPhHN4k6apgJtifcoCtT9bcxOpYBtpD2kCM6Sbzg4CausW/PKQ==",
      "dev": true
    },
    "jsesc": {
      "version": "2.5.2",
      "resolved": "https://registry.npmjs.org/jsesc/-/jsesc-2.5.2.tgz",
      "integrity": "sha512-OYu7XEzjkCQ3C5Ps3QIZsQfNpqoJyZZA99wd9aWd05NCtC5pWOkShK2mkL6HXQR6/Cy2lbNdPlZBpuQHXE63gA==",
      "dev": true
    },
    "json-schema-traverse": {
      "version": "0.4.1",
      "resolved": "https://registry.npmjs.org/json-schema-traverse/-/json-schema-traverse-0.4.1.tgz",
      "integrity": "sha512-xbbCH5dCYU5T8LcEhhuh7HJ88HXuW3qsI3Y0zOZFKfZEHcpWiHU/Jxzk629Brsab/mMiHQti9wMP+845RPe3Vg=="
    },
    "json5": {
      "version": "2.1.3",
      "resolved": "https://registry.npmjs.org/json5/-/json5-2.1.3.tgz",
      "integrity": "sha512-KXPvOm8K9IJKFM0bmdn8QXh7udDh1g/giieX0NLCaMnb4hEiVFqnop2ImTXCc5e0/oHz3LTqmHGtExn5hfMkOA==",
      "requires": {
        "minimist": "^1.2.5"
      }
    },
    "loader-utils": {
      "version": "2.0.0",
      "resolved": "https://registry.npmjs.org/loader-utils/-/loader-utils-2.0.0.tgz",
      "integrity": "sha512-rP4F0h2RaWSvPEkD7BLDFQnvSf+nK+wr3ESUjNTyAGobqrijmW92zc+SO6d4p4B1wh7+B/Jg1mkQe5NYUEHtHQ==",
      "requires": {
        "big.js": "^5.2.2",
        "emojis-list": "^3.0.0",
        "json5": "^2.1.2"
      }
    },
    "lodash": {
      "version": "4.17.21",
      "resolved": "https://registry.npmjs.org/lodash/-/lodash-4.17.21.tgz",
      "integrity": "sha512-v2kDEe57lecTulaDIuNTPy3Ry4gLGJ6Z1O3vE1krgXZNrsQ+LFTGHVxVjcXPs17LhbZVGedAJv8XZ1tvj5FvSg==",
      "dev": true
    },
    "lodash.debounce": {
      "version": "4.0.8",
      "resolved": "https://registry.npmjs.org/lodash.debounce/-/lodash.debounce-4.0.8.tgz",
      "integrity": "sha1-gteb/zCmfEAF/9XiUVMArZyk168=",
      "dev": true
    },
    "lru-cache": {
      "version": "6.0.0",
      "resolved": "https://registry.npmjs.org/lru-cache/-/lru-cache-6.0.0.tgz",
      "integrity": "sha512-Jo6dJ04CmSjuznwJSS3pUeWmd/H0ffTlkXXgwZi+eq1UCmqQwCh+eLsYOYCwY991i2Fah4h1BEMCx4qThGbsiA==",
      "dev": true,
      "requires": {
        "yallist": "^4.0.0"
      }
    },
    "minimist": {
      "version": "1.2.5",
      "resolved": "https://registry.npmjs.org/minimist/-/minimist-1.2.5.tgz",
      "integrity": "sha512-FM9nNUYrRBAELZQT3xeZQ7fmMOBg6nWNmJKTcgsJeaLstP/UODVpGsr5OhXhhXg6f+qtJ8uiZ+PUxkDWcgIXLw=="
    },
    "ms": {
      "version": "2.1.2",
      "resolved": "https://registry.npmjs.org/ms/-/ms-2.1.2.tgz",
      "integrity": "sha512-sGkPx+VjMtmA6MX27oA4FBFELFCZZ4S4XqeGOXCv68tT+jb3vk/RyaKWP0PTKyWtmLSM0b+adUTEvbs1PEaH2w==",
      "dev": true
    },
    "nanoid": {
      "version": "3.1.22",
      "resolved": "https://registry.npmjs.org/nanoid/-/nanoid-3.1.22.tgz",
      "integrity": "sha512-/2ZUaJX2ANuLtTvqTlgqBQNJoQO398KyJgZloL0PZkC0dpysjncRUPsFe3DUPzz/y3h+u7C46np8RMuvF3jsSQ==",
      "dev": true
    },
    "node-releases": {
      "version": "1.1.71",
      "resolved": "https://registry.npmjs.org/node-releases/-/node-releases-1.1.71.tgz",
      "integrity": "sha512-zR6HoT6LrLCRBwukmrVbHv0EpEQjksO6GmFcZQQuCAy139BEsoVKPYnf3jongYW83fAa1torLGYwxxky/p28sg==",
      "dev": true
    },
    "path": {
      "version": "0.12.7",
      "resolved": "https://registry.npmjs.org/path/-/path-0.12.7.tgz",
      "integrity": "sha1-1NwqUGxM4hl+tIHr/NWzbAFAsQ8=",
      "requires": {
        "process": "^0.11.1",
        "util": "^0.10.3"
      }
    },
    "path-parse": {
      "version": "1.0.6",
      "resolved": "https://registry.npmjs.org/path-parse/-/path-parse-1.0.6.tgz",
      "integrity": "sha512-GSmOT2EbHrINBf9SR7CDELwlJ8AENk3Qn7OikK4nFYAu3Ote2+JYNVvkpAEQm3/TLNEJFD/xZJjzyxg3KBWOzw==",
      "dev": true
    },
    "phaser": {
      "version": "3.24.1",
      "resolved": "https://registry.npmjs.org/phaser/-/phaser-3.24.1.tgz",
      "integrity": "sha512-WbrRMkbpEzarkfrq83akeauc6b8xNxsOTpDygyW7wrU2G2ne6kOYu3hji4UAaGnZaOLrVuj8ycYPjX9P1LxcDw==",
      "requires": {
        "eventemitter3": "^4.0.4",
        "exports-loader": "^1.1.0",
        "imports-loader": "^1.1.0",
        "path": "^0.12.7"
      }
    },
    "postcss": {
      "version": "8.2.8",
      "resolved": "https://registry.npmjs.org/postcss/-/postcss-8.2.8.tgz",
      "integrity": "sha512-1F0Xb2T21xET7oQV9eKuctbM9S7BC0fetoHCc4H13z0PT6haiRLP4T0ZY4XWh7iLP0usgqykT6p9B2RtOf4FPw==",
      "dev": true,
      "requires": {
        "colorette": "^1.2.2",
        "nanoid": "^3.1.20",
        "source-map": "^0.6.1"
      }
    },
    "postcss-modules-extract-imports": {
      "version": "3.0.0",
      "resolved": "https://registry.npmjs.org/postcss-modules-extract-imports/-/postcss-modules-extract-imports-3.0.0.tgz",
      "integrity": "sha512-bdHleFnP3kZ4NYDhuGlVK+CMrQ/pqUm8bx/oGL93K6gVwiclvX5x0n76fYMKuIGKzlABOy13zsvqjb0f92TEXw==",
      "dev": true
    },
    "postcss-modules-local-by-default": {
      "version": "4.0.0",
      "resolved": "https://registry.npmjs.org/postcss-modules-local-by-default/-/postcss-modules-local-by-default-4.0.0.tgz",
      "integrity": "sha512-sT7ihtmGSF9yhm6ggikHdV0hlziDTX7oFoXtuVWeDd3hHObNkcHRo9V3yg7vCAY7cONyxJC/XXCmmiHHcvX7bQ==",
      "dev": true,
      "requires": {
        "icss-utils": "^5.0.0",
        "postcss-selector-parser": "^6.0.2",
        "postcss-value-parser": "^4.1.0"
      }
    },
    "postcss-modules-scope": {
      "version": "3.0.0",
      "resolved": "https://registry.npmjs.org/postcss-modules-scope/-/postcss-modules-scope-3.0.0.tgz",
      "integrity": "sha512-hncihwFA2yPath8oZ15PZqvWGkWf+XUfQgUGamS4LqoP1anQLOsOJw0vr7J7IwLpoY9fatA2qiGUGmuZL0Iqlg==",
      "dev": true,
      "requires": {
        "postcss-selector-parser": "^6.0.4"
      }
    },
    "postcss-modules-values": {
      "version": "4.0.0",
      "resolved": "https://registry.npmjs.org/postcss-modules-values/-/postcss-modules-values-4.0.0.tgz",
      "integrity": "sha512-RDxHkAiEGI78gS2ofyvCsu7iycRv7oqw5xMWn9iMoR0N/7mf9D50ecQqUo5BZ9Zh2vH4bCUR/ktCqbB9m8vJjQ==",
      "dev": true,
      "requires": {
        "icss-utils": "^5.0.0"
      }
    },
    "postcss-selector-parser": {
      "version": "6.0.4",
      "resolved": "https://registry.npmjs.org/postcss-selector-parser/-/postcss-selector-parser-6.0.4.tgz",
      "integrity": "sha512-gjMeXBempyInaBqpp8gODmwZ52WaYsVOsfr4L4lDQ7n3ncD6mEyySiDtgzCT+NYC0mmeOLvtsF8iaEf0YT6dBw==",
      "dev": true,
      "requires": {
        "cssesc": "^3.0.0",
        "indexes-of": "^1.0.1",
        "uniq": "^1.0.1",
        "util-deprecate": "^1.0.2"
      }
    },
    "postcss-value-parser": {
      "version": "4.1.0",
      "resolved": "https://registry.npmjs.org/postcss-value-parser/-/postcss-value-parser-4.1.0.tgz",
      "integrity": "sha512-97DXOFbQJhk71ne5/Mt6cOu6yxsSfM0QGQyl0L25Gca4yGWEGJaig7l7gbCX623VqTBNGLRLaVUCnNkcedlRSQ==",
      "dev": true
    },
    "process": {
      "version": "0.11.10",
      "resolved": "https://registry.npmjs.org/process/-/process-0.11.10.tgz",
      "integrity": "sha1-czIwDoQBYb2j5podHZGn1LwW8YI="
    },
    "punycode": {
      "version": "2.1.1",
      "resolved": "https://registry.npmjs.org/punycode/-/punycode-2.1.1.tgz",
      "integrity": "sha512-XRsRjdf+j5ml+y/6GKHPZbrF/8p2Yga0JPtdqTIY2Xe5ohJPD9saDJJLPvp9+NSBprVvevdXZybnj2cv8OEd0A=="
    },
    "regenerator-runtime": {
      "version": "0.13.7",
      "resolved": "https://registry.npmjs.org/regenerator-runtime/-/regenerator-runtime-0.13.7.tgz",
      "integrity": "sha512-a54FxoJDIr27pgf7IgeQGxmqUNYrcV338lf/6gH456HZ/PhX+5BcwHXG9ajESmwe6WRO0tAzRUrRmNONWgkrew=="
    },
    "resolve": {
      "version": "1.20.0",
      "resolved": "https://registry.npmjs.org/resolve/-/resolve-1.20.0.tgz",
      "integrity": "sha512-wENBPt4ySzg4ybFQW2TT1zMQucPK95HSh/nq2CFTZVOGut2+pQvSsgtda4d26YrYcr067wjbmzOG8byDPBX63A==",
      "dev": true,
      "requires": {
        "is-core-module": "^2.2.0",
        "path-parse": "^1.0.6"
      }
    },
    "schema-utils": {
      "version": "3.0.0",
      "resolved": "https://registry.npmjs.org/schema-utils/-/schema-utils-3.0.0.tgz",
      "integrity": "sha512-6D82/xSzO094ajanoOSbe4YvXWMfn2A//8Y1+MUqFAJul5Bs+yn36xbK9OtNDcRVSBJ9jjeoXftM6CfztsjOAA==",
      "requires": {
        "@types/json-schema": "^7.0.6",
        "ajv": "^6.12.5",
        "ajv-keywords": "^3.5.2"
      }
    },
    "semver": {
      "version": "7.3.5",
      "resolved": "https://registry.npmjs.org/semver/-/semver-7.3.5.tgz",
      "integrity": "sha512-PoeGJYh8HK4BTO/a9Tf6ZG3veo/A7ZVsYrSA6J8ny9nb3B1VrpkuN+z9OE5wfE5p6H4LchYZsegiQgbJD94ZFQ==",
      "dev": true,
      "requires": {
        "lru-cache": "^6.0.0"
      }
    },
    "source-map": {
      "version": "0.6.1",
      "resolved": "https://registry.npmjs.org/source-map/-/source-map-0.6.1.tgz",
      "integrity": "sha512-UjgapumWlbMhkBgzT7Ykc5YXUT46F0iKu8SGXq0bcwP5dz/h0Plj6enJqjz1Zbq2l5WaqYnrVbwWOWMyF3F47g=="
    },
    "strip-comments": {
      "version": "2.0.1",
      "resolved": "https://registry.npmjs.org/strip-comments/-/strip-comments-2.0.1.tgz",
      "integrity": "sha512-ZprKx+bBLXv067WTCALv8SSz5l2+XhpYCsVtSqlMnkAXMWDq+/ekVbl1ghqP9rUHTzv6sm/DwCOiYutU/yp1fw=="
    },
    "supports-color": {
      "version": "5.5.0",
      "resolved": "https://registry.npmjs.org/supports-color/-/supports-color-5.5.0.tgz",
      "integrity": "sha512-QjVjwdXIt408MIiAqCX4oUKsgU2EqAGzs2Ppkm4aQYbjm+ZEWEcW4SfFNTr4uMNZma0ey4f5lgLrkB0aX0QMow==",
      "dev": true,
      "requires": {
        "has-flag": "^3.0.0"
      }
    },
    "to-fast-properties": {
      "version": "2.0.0",
      "resolved": "https://registry.npmjs.org/to-fast-properties/-/to-fast-properties-2.0.0.tgz",
      "integrity": "sha1-3F5pjL0HkmW8c+A3doGk5Og/YW4=",
      "dev": true
    },
    "uniq": {
      "version": "1.0.1",
      "resolved": "https://registry.npmjs.org/uniq/-/uniq-1.0.1.tgz",
      "integrity": "sha1-sxxa6CVIRKOoKBVBzisEuGWnNP8=",
      "dev": true
    },
    "uri-js": {
      "version": "4.4.0",
      "resolved": "https://registry.npmjs.org/uri-js/-/uri-js-4.4.0.tgz",
      "integrity": "sha512-B0yRTzYdUCCn9n+F4+Gh4yIDtMQcaJsmYBDsTSG8g/OejKBodLQ2IHfN3bM7jUsRXndopT7OIXWdYqc1fjmV6g==",
      "requires": {
        "punycode": "^2.1.0"
      }
    },
    "util": {
      "version": "0.10.4",
      "resolved": "https://registry.npmjs.org/util/-/util-0.10.4.tgz",
      "integrity": "sha512-0Pm9hTQ3se5ll1XihRic3FDIku70C+iHUdT/W926rSgHV5QgXsYbKZN8MSC3tJtSkhuROzvsQjAaFENRXr+19A==",
      "requires": {
        "inherits": "2.0.3"
      }
    },
    "util-deprecate": {
      "version": "1.0.2",
      "resolved": "https://registry.npmjs.org/util-deprecate/-/util-deprecate-1.0.2.tgz",
      "integrity": "sha1-RQ1Nyfpw3nMnYvvS1KKJgUGaDM8=",
      "dev": true
    },
    "yallist": {
      "version": "4.0.0",
      "resolved": "https://registry.npmjs.org/yallist/-/yallist-4.0.0.tgz",
      "integrity": "sha512-3wdGidZyq5PB084XLES5TpOSRA3wjXAlIWMhum2kRcv/41Sn2emQ0dycQW4uZXLejwKvg6EsvbdlVL+FYEct7A==",
      "dev": true
    }
  }
}
